
Microsoft Visual Studio Solution File, Format Version 12.00
# Visual Studio 14
VisualStudioVersion = 14.0.23107.0
MinimumVisualStudioVersion = 10.0.40219.1
Project("{FAE04EC0-301F-11D3-BF4B-00C04F79EFBC}") = "cwchat.Server", "cwchat.Server\cwchat.Server.csproj", "{71AC6AE0-0AA7-4A8C-BB5B-4F973762B0D9}"
EndProject
Project("{FAE04EC0-301F-11D3-BF4B-00C04F79EFBC}") = "WpApp", "WpApp\WpApp.csproj", "{E55D0C68-9770-4488-934A-AF1F73514730}"
EndProject
Global
	GlobalSection(SolutionConfigurationPlatforms) = preSolution
		Debug|Any CPU = Debug|Any CPU
		Debug|ARM = Debug|ARM
		Debug|x86 = Debug|x86
		Release|Any CPU = Release|Any CPU
		Release|ARM = Release|ARM
		Release|x86 = Release|x86
	EndGlobalSection
	GlobalSection(ProjectConfigurationPlatforms) = postSolution
		{71AC6AE0-0AA7-4A8C-BB5B-4F973762B0D9}.Debug|Any CPU.ActiveCfg = Debug|Any CPU
		{71AC6AE0-0AA7-4A8C-BB5B-4F973762B0D9}.Debug|Any CPU.Build.0 = Debug|Any CPU
		{71AC6AE0-0AA7-4A8C-BB5B-4F973762B0D9}.Debug|ARM.ActiveCfg = Debug|Any CPU
		{71AC6AE0-0AA7-4A8C-BB5B-4F973762B0D9}.Debug|ARM.Build.0 = Debug|Any CPU
		{71AC6AE0-0AA7-4A8C-BB5B-4F973762B0D9}.Debug|x86.ActiveCfg = Debug|Any CPU
		{71AC6AE0-0AA7-4A8C-BB5B-4F973762B0D9}.Debug|x86.Build.0 = Debug|Any CPU
		{71AC6AE0-0AA7-4A8C-BB5B-4F973762B0D9}.Release|Any CPU.ActiveCfg = Release|Any CPU
		{71AC6AE0-0AA7-4A8C-BB5B-4F973762B0D9}.Release|Any CPU.Build.0 = Release|Any CPU
		{71AC6AE0-0AA7-4A8C-BB5B-4F973762B0D9}.Release|ARM.ActiveCfg = Release|Any CPU
		{71AC6AE0-0AA7-4A8C-BB5B-4F973762B0D9}.Release|ARM.Build.0 = Release|Any CPU
		{71AC6AE0-0AA7-4A8C-BB5B-4F973762B0D9}.Release|x86.ActiveCfg = Release|Any CPU
		{71AC6AE0-0AA7-4A8C-BB5B-4F973762B0D9}.Release|x86.Build.0 = Release|Any CPU
		{E55D0C68-9770-4488-934A-AF1F73514730}.Debug|Any CPU.ActiveCfg = Debug|Any CPU
		{E55D0C68-9770-4488-934A-AF1F73514730}.Debug|Any CPU.Build.0 = Debug|Any CPU
		{E55D0C68-9770-4488-934A-AF1F73514730}.Debug|Any CPU.Deploy.0 = Debug|Any CPU
		{E55D0C68-9770-4488-934A-AF1F73514730}.Debug|ARM.ActiveCfg = Debug|ARM
		{E55D0C68-9770-4488-934A-AF1F73514730}.Debug|ARM.Build.0 = Debug|ARM
		{E55D0C68-9770-4488-934A-AF1F73514730}.Debug|ARM.Deploy.0 = Debug|ARM
		{E55D0C68-9770-4488-934A-AF1F73514730}.Debug|x86.ActiveCfg = Debug|x86
		{E55D0C68-9770-4488-934A-AF1F73514730}.Debug|x86.Build.0 = Debug|x86
		{E55D0C68-9770-4488-934A-AF1F73514730}.Debug|x86.Deploy.0 = Debug|x86
		{E55D0C68-9770-4488-934A-AF1F73514730}.Release|Any CPU.ActiveCfg = Release|Any CPU
		{E55D0C68-9770-4488-934A-AF1F73514730}.Release|Any CPU.Build.0 = Release|Any CPU
		{E55D0C68-9770-4488-934A-AF1F73514730}.Release|Any CPU.Deploy.0 = Release|Any CPU
		{E55D0C68-9770-4488-934A-AF1F73514730}.Release|ARM.ActiveCfg = Release|ARM
		{E55D0C68-9770-4488-934A-AF1F73514730}.Release|ARM.Build.0 = Release|ARM
		{E55D0C68-9770-4488-934A-AF1F73514730}.Release|ARM.Deploy.0 = Release|ARM
		{E55D0C68-9770-4488-934A-AF1F73514730}.Release|x86.ActiveCfg = Release|x86
		{E55D0C68-9770-4488-934A-AF1F73514730}.Release|x86.Build.0 = Release|x86
		{E55D0C68-9770-4488-934A-AF1F73514730}.Release|x86.Deploy.0 = Release|x86
	EndGlobalSection
	GlobalSection(SolutionProperties) = preSolution
		HideSolutionNode = FALSE
	EndGlobalSection
EndGlobal
